{
  "name": "dsh-theme-escook",
  "version": "1.0.3",
  "lockfileVersion": 3,
  "requires": true,
  "packages": {
    "": {
      "name": "dsh-theme-escook",
      "version": "1.0.3",
      "license": "MIT",
      "devDependencies": {
        "semver": "^7.7.2"
      },
      "peerDependencies": {
        "@deepseek-ai/dsh-client-ui-theme": ">=0.0.1-rc.1 <0.1.0 || >=0.1.0-rc.1 <0.2.0-0 || >=0.2.0-rc.2 <0.3.0-0"
      }
    },
    "node_modules/semver": {
      "version": "7.8.5",
      "resolved": "https://registry.npmjs.org/semver/-/semver-7.8.5.tgz",
      "integrity": "sha512-Y7/KDsb8LjooZpwaqGyulO6DQlksgCncchHGk+sZIY4SBvUocMBEFH5Ur1fI4dV+Jvl0w6cjvucaIi40puRioA==",
      "dev": true,
      "license": "ISC",
      "bin": {
        "semver": "bin/semver.js"
      },
      "engines": {
        "node": ">=10"
      }
    }
  }
}
